
Microsoft Visual Studio Solution File, Format Version 12.00
Project("{FAE04EC0-301F-11D3-BF4B-00C04F79EFBC}") = "WalletApi.Modules.Wallets.Shared", "..\ModularMonolith\WalletApi.Modules.Wallets.Shared\WalletApi.Modules.Wallets.Shared.csproj", "{3B7F951F-DC3A-4DA1-BECC-3099E6255943}"
EndProject
Project("{FAE04EC0-301F-11D3-BF4B-00C04F79EFBC}") = "ModularMonolith.Shared", "..\ModularMonolith\ModularMonolith.Shared\ModularMonolith.Shared.csproj", "{E71AC70F-E324-43A2-B44F-7C791F2A623A}"
EndProject
Project("{FAE04EC0-301F-11D3-BF4B-00C04F79EFBC}") = "ModularMonolith.Modules.Users.Shared", "ModularMonolith.Modules.Users.Shared\ModularMonolith.Modules.Users.Shared.csproj", "{B97CE0D3-9EAE-441E-BD74-93498E9EFE58}"
EndProject
Project("{FAE04EC0-301F-11D3-BF4B-00C04F79EFBC}") = "WalletApi.Modules.Wallets.Api", "WalletApi.Modules.Wallets.Api\WalletApi.Modules.Wallets.Api.csproj", "{DDE3FDE9-B9EE-4DE7-A771-977CBFF9F064}"
EndProject
Project("{FAE04EC0-301F-11D3-BF4B-00C04F79EFBC}") = "WalletApi.Modules.Wallets.Application", "WalletApi.Modules.Wallets.Application\WalletApi.Modules.Wallets.Application.csproj", "{4D427714-C147-426D-A651-8036BFDB3AAE}"
EndProject
Project("{FAE04EC0-301F-11D3-BF4B-00C04F79EFBC}") = "WalletApi.Modules.Wallets.Core", "WalletApi.Modules.Wallets.Core\WalletApi.Modules.Wallets.Core.csproj", "{D0EDBF61-1566-42AE-976E-4BA28E0C5A32}"
EndProject
Project("{FAE04EC0-301F-11D3-BF4B-00C04F79EFBC}") = "WalletApi.Modules.Wallets.Infrastructure", "WalletApi.Modules.Wallets.Infrastructure\WalletApi.Modules.Wallets.Infrastructure.csproj", "{F5445149-A06F-45DC-97C4-B773B1B3E8CC}"
EndProject
Global
	GlobalSection(SolutionConfigurationPlatforms) = preSolution
		Debug|Any CPU = Debug|Any CPU
		Release|Any CPU = Release|Any CPU
	EndGlobalSection
	GlobalSection(ProjectConfigurationPlatforms) = postSolution
		{3B7F951F-DC3A-4DA1-BECC-3099E6255943}.Debug|Any CPU.ActiveCfg = Debug|Any CPU
		{3B7F951F-DC3A-4DA1-BECC-3099E6255943}.Debug|Any CPU.Build.0 = Debug|Any CPU
		{3B7F951F-DC3A-4DA1-BECC-3099E6255943}.Release|Any CPU.ActiveCfg = Release|Any CPU
		{3B7F951F-DC3A-4DA1-BECC-3099E6255943}.Release|Any CPU.Build.0 = Release|Any CPU
		{E71AC70F-E324-43A2-B44F-7C791F2A623A}.Debug|Any CPU.ActiveCfg = Debug|Any CPU
		{E71AC70F-E324-43A2-B44F-7C791F2A623A}.Debug|Any CPU.Build.0 = Debug|Any CPU
		{E71AC70F-E324-43A2-B44F-7C791F2A623A}.Release|Any CPU.ActiveCfg = Release|Any CPU
		{E71AC70F-E324-43A2-B44F-7C791F2A623A}.Release|Any CPU.Build.0 = Release|Any CPU
		{B97CE0D3-9EAE-441E-BD74-93498E9EFE58}.Debug|Any CPU.ActiveCfg = Debug|Any CPU
		{B97CE0D3-9EAE-441E-BD74-93498E9EFE58}.Debug|Any CPU.Build.0 = Debug|Any CPU
		{B97CE0D3-9EAE-441E-BD74-93498E9EFE58}.Release|Any CPU.ActiveCfg = Release|Any CPU
		{B97CE0D3-9EAE-441E-BD74-93498E9EFE58}.Release|Any CPU.Build.0 = Release|Any CPU
		{DDE3FDE9-B9EE-4DE7-A771-977CBFF9F064}.Debug|Any CPU.ActiveCfg = Debug|Any CPU
		{DDE3FDE9-B9EE-4DE7-A771-977CBFF9F064}.Debug|Any CPU.Build.0 = Debug|Any CPU
		{DDE3FDE9-B9EE-4DE7-A771-977CBFF9F064}.Release|Any CPU.ActiveCfg = Release|Any CPU
		{DDE3FDE9-B9EE-4DE7-A771-977CBFF9F064}.Release|Any CPU.Build.0 = Release|Any CPU
		{4D427714-C147-426D-A651-8036BFDB3AAE}.Debug|Any CPU.ActiveCfg = Debug|Any CPU
		{4D427714-C147-426D-A651-8036BFDB3AAE}.Debug|Any CPU.Build.0 = Debug|Any CPU
		{4D427714-C147-426D-A651-8036BFDB3AAE}.Release|Any CPU.ActiveCfg = Release|Any CPU
		{4D427714-C147-426D-A651-8036BFDB3AAE}.Release|Any CPU.Build.0 = Release|Any CPU
		{D0EDBF61-1566-42AE-976E-4BA28E0C5A32}.Debug|Any CPU.ActiveCfg = Debug|Any CPU
		{D0EDBF61-1566-42AE-976E-4BA28E0C5A32}.Debug|Any CPU.Build.0 = Debug|Any CPU
		{D0EDBF61-1566-42AE-976E-4BA28E0C5A32}.Release|Any CPU.ActiveCfg = Release|Any CPU
		{D0EDBF61-1566-42AE-976E-4BA28E0C5A32}.Release|Any CPU.Build.0 = Release|Any CPU
		{F5445149-A06F-45DC-97C4-B773B1B3E8CC}.Debug|Any CPU.ActiveCfg = Debug|Any CPU
		{F5445149-A06F-45DC-97C4-B773B1B3E8CC}.Debug|Any CPU.Build.0 = Debug|Any CPU
		{F5445149-A06F-45DC-97C4-B773B1B3E8CC}.Release|Any CPU.ActiveCfg = Release|Any CPU
		{F5445149-A06F-45DC-97C4-B773B1B3E8CC}.Release|Any CPU.Build.0 = Release|Any CPU
	EndGlobalSection
EndGlobal
